
Microsoft Visual Studio Solution File, Format Version 12.00
# Visual Studio 2015
Project("{FAE04EC0-301F-11D3-BF4B-00C04F79EFBC}") = "VRLangAcqProject.CSharp.Plugins", "VRLangAcqProject.CSharp.Plugins.csproj", "{D93DD217-0D45-C1DB-8FC5-79409F85F034}"
EndProject
Project("{FAE04EC0-301F-11D3-BF4B-00C04F79EFBC}") = "VRLangAcqProject.CSharp", "VRLangAcqProject.CSharp.csproj", "{8F1C38FB-2D4B-89C8-A5D5-C84719EF79B8}"
EndProject
Project("{FAE04EC0-301F-11D3-BF4B-00C04F79EFBC}") = "VRLangAcqProject.CSharp.Editor", "VRLangAcqProject.CSharp.Editor.csproj", "{B1BE349E-9F9E-A13D-E273-F96705D52359}"
EndProject
Global
	GlobalSection(SolutionConfigurationPlatforms) = preSolution
		Debug|Any CPU = Debug|Any CPU
		Release|Any CPU = Release|Any CPU
	EndGlobalSection
	GlobalSection(ProjectConfigurationPlatforms) = postSolution
		{D93DD217-0D45-C1DB-8FC5-79409F85F034}.Debug|Any CPU.ActiveCfg = Debug|Any CPU
		{D93DD217-0D45-C1DB-8FC5-79409F85F034}.Debug|Any CPU.Build.0 = Debug|Any CPU
		{D93DD217-0D45-C1DB-8FC5-79409F85F034}.Release|Any CPU.ActiveCfg = Release|Any CPU
		{D93DD217-0D45-C1DB-8FC5-79409F85F034}.Release|Any CPU.Build.0 = Release|Any CPU
		{8F1C38FB-2D4B-89C8-A5D5-C84719EF79B8}.Debug|Any CPU.ActiveCfg = Debug|Any CPU
		{8F1C38FB-2D4B-89C8-A5D5-C84719EF79B8}.Debug|Any CPU.Build.0 = Debug|Any CPU
		{8F1C38FB-2D4B-89C8-A5D5-C84719EF79B8}.Release|Any CPU.ActiveCfg = Release|Any CPU
		{8F1C38FB-2D4B-89C8-A5D5-C84719EF79B8}.Release|Any CPU.Build.0 = Release|Any CPU
		{B1BE349E-9F9E-A13D-E273-F96705D52359}.Debug|Any CPU.ActiveCfg = Debug|Any CPU
		{B1BE349E-9F9E-A13D-E273-F96705D52359}.Debug|Any CPU.Build.0 = Debug|Any CPU
		{B1BE349E-9F9E-A13D-E273-F96705D52359}.Release|Any CPU.ActiveCfg = Release|Any CPU
		{B1BE349E-9F9E-A13D-E273-F96705D52359}.Release|Any CPU.Build.0 = Release|Any CPU
	EndGlobalSection
	GlobalSection(SolutionProperties) = preSolution
		HideSolutionNode = FALSE
	EndGlobalSection
EndGlobal
